
Microsoft Visual Studio Solution File, Format Version 12.00
# Visual Studio Version 17
VisualStudioVersion = 17.1.32210.238
MinimumVisualStudioVersion = 10.0.40219.1
Project("{FAE04EC0-301F-11D3-BF4B-00C04F79EFBC}") = "lmbrd", "lmbrd\lmbrd.csproj", "{DF471E78-BC64-4E2B-8543-A90301AE50E3}"
EndProject
Global
	GlobalSection(SolutionConfigurationPlatforms) = preSolution
		Debug|Any CPU = Debug|Any CPU
		Release|Any CPU = Release|Any CPU
	EndGlobalSection
	GlobalSection(ProjectConfigurationPlatforms) = postSolution
		{DF471E78-BC64-4E2B-8543-A90301AE50E3}.Debug|Any CPU.ActiveCfg = Debug|Any CPU
		{DF471E78-BC64-4E2B-8543-A90301AE50E3}.Debug|Any CPU.Build.0 = Debug|Any CPU
		{DF471E78-BC64-4E2B-8543-A90301AE50E3}.Release|Any CPU.ActiveCfg = Release|Any CPU
		{DF471E78-BC64-4E2B-8543-A90301AE50E3}.Release|Any CPU.Build.0 = Release|Any CPU
	EndGlobalSection
	GlobalSection(SolutionProperties) = preSolution
		HideSolutionNode = FALSE
	EndGlobalSection
	GlobalSection(ExtensibilityGlobals) = postSolution
		SolutionGuid = {7C3775FC-7EC8-4EAC-9224-00C508CD1A8C}
	EndGlobalSection
EndGlobal
